# This file is automatically @generated by Cargo.
# It is not intended for manual editing.
[[package]]
name = "arrayref"
version = "0.3.5"
source = "registry+https://github.com/rust-lang/crates.io-index"

[[package]]
name = "interface"
version = "0.1.0"
dependencies = [
 "arrayref 0.3.5 (registry+https://github.com/rust-lang/crates.io-index)",
]

[[package]]
name = "wrapper"
version = "0.1.0"
dependencies = [
 "interface 0.1.0",
]

[metadata]
"checksum arrayref 0.3.5 (registry+https://github.com/rust-lang/crates.io-index)" = "0d382e583f07208808f6b1249e60848879ba3543f57c32277bf52d69c2f0f0ee"
